// !$*UTF8*$!
{
	archiveVersion = 1;
	classes = {
	};
	objectVersion = 50;
	objects = {

/* Begin PBXBuildFile section */
		5C7AA8E524FF63600007BB14 /* AppDelegate.swift in Sources */ = {isa = PBXBuildFile; fileRef = 5C7AA8E424FF63600007BB14 /* AppDelegate.swift */; };
		5C7AA8E724FF63600007BB14 /* SceneDelegate.swift in Sources */ = {isa = PBXBuildFile; fileRef = 5C7AA8E624FF63600007BB14 /* SceneDelegate.swift */; };
		5C7AA8E924FF63600007BB14 /* ContentView.swift in Sources */ = {isa = PBXBuildFile; fileRef = 5C7AA8E824FF63600007BB14 /* ContentView.swift */; };
		5C7AA8EB24FF63620007BB14 /* Assets.xcassets in Resources */ = {isa = PBXBuildFile; fileRef = 5C7AA8EA24FF63620007BB14 /* Assets.xcassets */; };
		5C7AA8EE24FF63620007BB14 /* Preview Assets.xcassets in Resources */ = {isa = PBXBuildFile; fileRef = 5C7AA8ED24FF63620007BB14 /* Preview Assets.xcassets */; };
		5C7AA8F124FF63620007BB14 /* LaunchScreen.storyboard in Resources */ = {isa = PBXBuildFile; fileRef = 5C7AA8EF24FF63620007BB14 /* LaunchScreen.storyboard */; };
		5C7AA8FC24FF63620007BB14 /* WifiSwiftUITests.swift in Sources */ = {isa = PBXBuildFile; fileRef = 5C7AA8FB24FF63620007BB14 /* WifiSwiftUITests.swift */; };
		5C7AA90724FF63620007BB14 /* WifiSwiftUIUITests.swift in Sources */ = {isa = PBXBuildFile; fileRef = 5C7AA90624FF63620007BB14 /* WifiSwiftUIUITests.swift */; };
/* End PBXBuildFile section */

/* Begin PBXContainerItemProxy section */
		5C7AA8F824FF63620007BB14 /* PBXContainerItemProxy */ = {
			isa = PBXContainerItemProxy;
			containerPortal = 5C7AA8D924FF63600007BB14 /* Project object */;
			proxyType = 1;
			remoteGlobalIDString = 5C7AA8E024FF63600007BB14;
			remoteInfo = WifiSwiftUI;
		};
		5C7AA90324FF63620007BB14 /* PBXContainerItemProxy */ = {
			isa = PBXContainerItemProxy;
			containerPortal = 5C7AA8D924FF63600007BB14 /* Project object */;
			proxyType = 1;
			remoteGlobalIDString = 5C7AA8E024FF63600007BB14;
			remoteInfo = WifiSwiftUI;
		};
/* End PBXContainerItemProxy section */

/* Begin PBXFileReference section */
		5C7AA8E124FF63600007BB14 /* WifiSwiftUI.app */ = {isa = PBXFileReference; explicitFileType = wrapper.application; includeInIndex = 0; path = WifiSwiftUI.app; sourceTree = BUILT_PRODUCTS_DIR; };
		5C7AA8E424FF63600007BB14 /* AppDelegate.swift */ = {isa = PBXFileReference; lastKnownFileType = sourcecode.swift; path = AppDelegate.swift; sourceTree = "<group>"; };
		5C7AA8E624FF63600007BB14 /* SceneDelegate.swift */ = {isa = PBXFileReference; lastKnownFileType = sourcecode.swift; path = SceneDelegate.swift; sourceTree = "<group>"; };
		5C7AA8E824FF63600007BB14 /* ContentView.swift */ = {isa = PBXFileReference; lastKnownFileType = sourcecode.swift; path = ContentView.swift; sourceTree = "<group>"; };
		5C7AA8EA24FF63620007BB14 /* Assets.xcassets */ = {isa = PBXFileReference; lastKnownFileType = folder.assetcatalog; path = Assets.xcassets; sourceTree = "<group>"; };
		5C7AA8ED24FF63620007BB14 /* Preview Assets.xcassets */ = {isa = PBXFileReference; lastKnownFileType = folder.assetcatalog; path = "Preview Assets.xcassets"; sourceTree = "<group>"; };
		5C7AA8F024FF63620007BB14 /* Base */ = {isa = PBXFileReference; lastKnownFileType = file.storyboard; name = Base; path = Base.lproj/LaunchScreen.storyboard; sourceTree = "<group>"; };
		5C7AA8F224FF63620007BB14 /* Info.plist */ = {isa = PBXFileReference; lastKnownFileType = text.plist.xml; path = Info.plist; sourceTree = "<group>"; };
		5C7AA8F724FF63620007BB14 /* WifiSwiftUITests.xctest */ = {isa = PBXFileReference; explicitFileType = wrapper.cfbundle; includeInIndex = 0; path = WifiSwiftUITests.xctest; sourceTree = BUILT_PRODUCTS_DIR; };
		5C7AA8FB24FF63620007BB14 /* WifiSwiftUITests.swift */ = {isa = PBXFileReference; lastKnownFileType = sourcecode.swift; path = WifiSwiftUITests.swift; sourceTree = "<group>"; };
		5C7AA8FD24FF63620007BB14 /* Info.plist */ = {isa = PBXFileReference; lastKnownFileType = text.plist.xml; path = Info.plist; sourceTree = "<group>"; };
		5C7AA90224FF63620007BB14 /* WifiSwiftUIUITests.xctest */ = {isa = PBXFileReference; explicitFileType = wrapper.cfbundle; includeInIndex = 0; path = WifiSwiftUIUITests.xctest; sourceTree = BUILT_PRODUCTS_DIR; };
		5C7AA90624FF63620007BB14 /* WifiSwiftUIUITests.swift */ = {isa = PBXFileReference; lastKnownFileType = sourcecode.swift; path = WifiSwiftUIUITests.swift; sourceTree = "<group>"; };
		5C7AA90824FF63620007BB14 /* Info.plist */ = {isa = PBXFileReference; lastKnownFileType = text.plist.xml; path = Info.plist; sourceTree = "<group>"; };
/* End PBXFileReference section */

/* Begin PBXFrameworksBuildPhase section */
		5C7AA8DE24FF63600007BB14 /* Frameworks */ = {
			isa = PBXFrameworksBuildPhase;
			buildActionMask = 2147483647;
			files = (
			);
			runOnlyForDeploymentPostprocessing = 0;
		};
		5C7AA8F424FF63620007BB14 /* Frameworks */ = {
			isa = PBXFrameworksBuildPhase;
			buildActionMask = 2147483647;
			files = (
			);
			runOnlyForDeploymentPostprocessing = 0;
		};
		5C7AA8FF24FF63620007BB14 /* Frameworks */ = {
			isa = PBXFrameworksBuildPhase;
			buildActionMask = 2147483647;
			files = (
			);
			runOnlyForDeploymentPostprocessing = 0;
		};
/* End PBXFrameworksBuildPhase section */

/* Begin PBXGroup section */
		5C7AA8D824FF63600007BB14 = {
			isa = PBXGroup;
			children = (
				5C7AA8E324FF63600007BB14 /* WifiSwiftUI */,
				5C7AA8FA24FF63620007BB14 /* WifiSwiftUITests */,
				5C7AA90524FF63620007BB14 /* WifiSwiftUIUITests */,
				5C7AA8E224FF63600007BB14 /* Products */,
			);
			sourceTree = "<group>";
		};
		5C7AA8E224FF63600007BB14 /* Products */ = {
			isa = PBXGroup;
			children = (
				5C7AA8E124FF63600007BB14 /* WifiSwiftUI.app */,
				5C7AA8F724FF63620007BB14 /* WifiSwiftUITests.xctest */,
				5C7AA90224FF63620007BB14 /* WifiSwiftUIUITests.xctest */,
			);
			name = Products;
			sourceTree = "<group>";
		};
		5C7AA8E324FF63600007BB14 /* WifiSwiftUI */ = {
			isa = PBXGroup;
			children = (
				5C7AA8E424FF63600007BB14 /* AppDelegate.swift */,
				5C7AA8E624FF63600007BB14 /* SceneDelegate.swift */,
				5C7AA8E824FF63600007BB14 /* ContentView.swift */,
				5C7AA8EA24FF63620007BB14 /* Assets.xcassets */,
				5C7AA8EF24FF63620007BB14 /* LaunchScreen.storyboard */,
				5C7AA8F224FF63620007BB14 /* Info.plist */,
				5C7AA8EC24FF63620007BB14 /* Preview Content */,
			);
			path = WifiSwiftUI;
			sourceTree = "<group>";
		};
		5C7AA8EC24FF63620007BB14 /* Preview Content */ = {
			isa = PBXGroup;
			children = (
				5C7AA8ED24FF63620007BB14 /* Preview Assets.xcassets */,
			);
			path = "Preview Content";
			sourceTree = "<group>";
		};
		5C7AA8FA24FF63620007BB14 /* WifiSwiftUITests */ = {
			isa = PBXGroup;
			children = (
				5C7AA8FB24FF63620007BB14 /* WifiSwiftUITests.swift */,
				5C7AA8FD24FF63620007BB14 /* Info.plist */,
			);
			path = WifiSwiftUITests;
			sourceTree = "<group>";
		};
		5C7AA90524FF63620007BB14 /* WifiSwiftUIUITests */ = {
			isa = PBXGroup;
			children = (
				5C7AA90624FF63620007BB14 /* WifiSwiftUIUITests.swift */,
				5C7AA90824FF63620007BB14 /* Info.plist */,
			);
			path = WifiSwiftUIUITests;
			sourceTree = "<group>";
		};
/* End PBXGroup section */

/* Begin PBXNativeTarget section */
		5C7AA8E024FF63600007BB14 /* WifiSwiftUI */ = {
			isa = PBXNativeTarget;
			buildConfigurationList = 5C7AA90B24FF63620007BB14 /* Build configuration list for PBXNativeTarget "WifiSwiftUI" */;
			buildPhases = (
				5C7AA8DD24FF63600007BB14 /* Sources */,
				5C7AA8DE24FF63600007BB14 /* Frameworks */,
				5C7AA8DF24FF63600007BB14 /* Resources */,
			);
			buildRules = (
			);
			dependencies = (
			);
			name = WifiSwiftUI;
			productName = WifiSwiftUI;
			productReference = 5C7AA8E124FF63600007BB14 /* WifiSwiftUI.app */;
			productType = "com.apple.product-type.application";
		};
		5C7AA8F624FF63620007BB14 /* WifiSwiftUITests */ = {
			isa = PBXNativeTarget;
			buildConfigurationList = 5C7AA90E24FF63620007BB14 /* Build configuration list for PBXNativeTarget "WifiSwiftUITests" */;
			buildPhases = (
				5C7AA8F324FF63620007BB14 /* Sources */,
				5C7AA8F424FF63620007BB14 /* Frameworks */,
				5C7AA8F524FF63620007BB14 /* Resources */,
			);
			buildRules = (
			);
			dependencies = (
				5C7AA8F924FF63620007BB14 /* PBXTargetDependency */,
			);
			name = WifiSwiftUITests;
			productName = WifiSwiftUITests;
			productReference = 5C7AA8F724FF63620007BB14 /* WifiSwiftUITests.xctest */;
			productType = "com.apple.product-type.bundle.unit-test";
		};
		5C7AA90124FF63620007BB14 /* WifiSwiftUIUITests */ = {
			isa = PBXNativeTarget;
			buildConfigurationList = 5C7AA91124FF63620007BB14 /* Build configuration list for PBXNativeTarget "WifiSwiftUIUITests" */;
			buildPhases = (
				5C7AA8FE24FF63620007BB14 /* Sources */,
				5C7AA8FF24FF63620007BB14 /* Frameworks */,
				5C7AA90024FF63620007BB14 /* Resources */,
			);
			buildRules = (
			);
			dependencies = (
				5C7AA90424FF63620007BB14 /* PBXTargetDependency */,
			);
			name = WifiSwiftUIUITests;
			productName = WifiSwiftUIUITests;
			productReference = 5C7AA90224FF63620007BB14 /* WifiSwiftUIUITests.xctest */;
			productType = "com.apple.product-type.bundle.ui-testing";
		};
/* End PBXNativeTarget section */

/* Begin PBXProject section */
		5C7AA8D924FF63600007BB14 /* Project object */ = {
			isa = PBXProject;
			attributes = {
				LastSwiftUpdateCheck = 1150;
				LastUpgradeCheck = 1150;
				ORGANIZATIONNAME = "Shreyas Vilaschandra Bhike";
				TargetAttributes = {
					5C7AA8E024FF63600007BB14 = {
						CreatedOnToolsVersion = 11.5;
					};
					5C7AA8F624FF63620007BB14 = {
						CreatedOnToolsVersion = 11.5;
						TestTargetID = 5C7AA8E024FF63600007BB14;
					};
					5C7AA90124FF63620007BB14 = {
						CreatedOnToolsVersion = 11.5;
						TestTargetID = 5C7AA8E024FF63600007BB14;
					};
				};
			};
			buildConfigurationList = 5C7AA8DC24FF63600007BB14 /* Build configuration list for PBXProject "WifiSwiftUI" */;
			compatibilityVersion = "Xcode 9.3";
			developmentRegion = en;
			hasScannedForEncodings = 0;
			knownRegions = (
				en,
				Base,
			);
			mainGroup = 5C7AA8D824FF63600007BB14;
			productRefGroup = 5C7AA8E224FF63600007BB14 /* Products */;
			projectDirPath = "";
			projectRoot = "";
			targets = (
				5C7AA8E024FF63600007BB14 /* WifiSwiftUI */,
				5C7AA8F624FF63620007BB14 /* WifiSwiftUITests */,
				5C7AA90124FF63620007BB14 /* WifiSwiftUIUITests */,
			);
		};
/* End PBXProject section */

/* Begin PBXResourcesBuildPhase section */
		5C7AA8DF24FF63600007BB14 /* Resources */ = {
			isa = PBXResourcesBuildPhase;
			buildActionMask = 2147483647;
			files = (
				5C7AA8F124FF63620007BB14 /* LaunchScreen.storyboard in Resources */,
				5C7AA8EE24FF63620007BB14 /* Preview Assets.xcassets in Resources */,
				5C7AA8EB24FF63620007BB14 /* Assets.xcassets in Resources */,
			);
			runOnlyForDeploymentPostprocessing = 0;
		};
		5C7AA8F524FF63620007BB14 /* Resources */ = {
			isa = PBXResourcesBuildPhase;
			buildActionMask = 2147483647;
			files = (
			);
			runOnlyForDeploymentPostprocessing = 0;
		};
		5C7AA90024FF63620007BB14 /* Resources */ = {
			isa = PBXResourcesBuildPhase;
			buildActionMask = 2147483647;
			files = (
			);
			runOnlyForDeploymentPostprocessing = 0;
		};
/* End PBXResourcesBuildPhase section */

/* Begin PBXSourcesBuildPhase section */
		5C7AA8DD24FF63600007BB14 /* Sources */ = {
			isa = PBXSourcesBuildPhase;
			buildActionMask = 2147483647;
			files = (
				5C7AA8E524FF63600007BB14 /* AppDelegate.swift in Sources */,
				5C7AA8E724FF63600007BB14 /* SceneDelegate.swift in Sources */,
				5C7AA8E924FF63600007BB14 /* ContentView.swift in Sources */,
			);
			runOnlyForDeploymentPostprocessing = 0;
		};
		5C7AA8F324FF63620007BB14 /* Sources */ = {
			isa = PBXSourcesBuildPhase;
			buildActionMask = 2147483647;
			files = (
				5C7AA8FC24FF63620007BB14 /* WifiSwiftUITests.swift in Sources */,
			);
			runOnlyForDeploymentPostprocessing = 0;
		};
		5C7AA8FE24FF63620007BB14 /* Sources */ = {
			isa = PBXSourcesBuildPhase;
			buildActionMask = 2147483647;
			files = (
				5C7AA90724FF63620007BB14 /* WifiSwiftUIUITests.swift in Sources */,
			);
			runOnlyForDeploymentPostprocessing = 0;
		};
/* End PBXSourcesBuildPhase section */

/* Begin PBXTargetDependency section */
		5C7AA8F924FF63620007BB14 /* PBXTargetDependency */ = {
			isa = PBXTargetDependency;
			target = 5C7AA8E024FF63600007BB14 /* WifiSwiftUI */;
			targetProxy = 5C7AA8F824FF63620007BB14 /* PBXContainerItemProxy */;
		};
		5C7AA90424FF63620007BB14 /* PBXTargetDependency */ = {
			isa = PBXTargetDependency;
			target = 5C7AA8E024FF63600007BB14 /* WifiSwiftUI */;
			targetProxy = 5C7AA90324FF63620007BB14 /* PBXContainerItemProxy */;
		};
/* End PBXTargetDependency section */

/* Begin PBXVariantGroup section */
		5C7AA8EF24FF63620007BB14 /* LaunchScreen.storyboard */ = {
			isa = PBXVariantGroup;
			children = (
				5C7AA8F024FF63620007BB14 /* Base */,
			);
			name = LaunchScreen.storyboard;
			sourceTree = "<group>";
		};
/* End PBXVariantGroup section */

/* Begin XCBuildConfiguration section */
		5C7AA90924FF63620007BB14 /* Debug */ = {
			isa = XCBuildConfiguration;
			buildSettings = {
				ALWAYS_SEARCH_USER_PATHS = NO;
				CLANG_ANALYZER_NONNULL = YES;
				CLANG_ANALYZER_NUMBER_OBJECT_CONVERSION = YES_AGGRESSIVE;
				CLANG_CXX_LANGUAGE_STANDARD = "gnu++14";
				CLANG_CXX_LIBRARY = "libc++";
				CLANG_ENABLE_MODULES = YES;
				CLANG_ENABLE_OBJC_ARC = YES;
				CLANG_ENABLE_OBJC_WEAK = YES;
				CLANG_WARN_BLOCK_CAPTURE_AUTORELEASING = YES;
				CLANG_WARN_BOOL_CONVERSION = YES;
				CLANG_WARN_COMMA = YES;
				CLANG_WARN_CONSTANT_CONVERSION = YES;
				CLANG_WARN_DEPRECATED_OBJC_IMPLEMENTATIONS = YES;
				CLANG_WARN_DIRECT_OBJC_ISA_USAGE = YES_ERROR;
				CLANG_WARN_DOCUMENTATION_COMMENTS = YES;
				CLANG_WARN_EMPTY_BODY = YES;
				CLANG_WARN_ENUM_CONVERSION = YES;
				CLANG_WARN_INFINITE_RECURSION = YES;
				CLANG_WARN_INT_CONVERSION = YES;
				CLANG_WARN_NON_LITERAL_NULL_CONVERSION = YES;
				CLANG_WARN_OBJC_IMPLICIT_RETAIN_SELF = YES;
				CLANG_WARN_OBJC_LITERAL_CONVERSION = YES;
				CLANG_WARN_OBJC_ROOT_CLASS = YES_ERROR;
				CLANG_WARN_RANGE_LOOP_ANALYSIS = YES;
				CLANG_WARN_STRICT_PROTOTYPES = YES;
				CLANG_WARN_SUSPICIOUS_MOVE = YES;
				CLANG_WARN_UNGUARDED_AVAILABILITY = YES_AGGRESSIVE;
				CLANG_WARN_UNREACHABLE_CODE = YES;
				CLANG_WARN__DUPLICATE_METHOD_MATCH = YES;
				COPY_PHASE_STRIP = NO;
				DEBUG_INFORMATION_FORMAT = dwarf;
				ENABLE_STRICT_OBJC_MSGSEND = YES;
				ENABLE_TESTABILITY = YES;
				GCC_C_LANGUAGE_STANDARD = gnu11;
				GCC_DYNAMIC_NO_PIC = NO;
				GCC_NO_COMMON_BLOCKS = YES;
				GCC_OPTIMIZATION_LEVEL = 0;
				GCC_PREPROCESSOR_DEFINITIONS = (
					"DEBUG=1",
					"$(inherited)",
				);
				GCC_WARN_64_TO_32_BIT_CONVERSION = YES;
				GCC_WARN_ABOUT_RETURN_TYPE = YES_ERROR;
				GCC_WARN_UNDECLARED_SELECTOR = YES;
				GCC_WARN_UNINITIALIZED_AUTOS = YES_AGGRESSIVE;
				GCC_WARN_UNUSED_FUNCTION = YES;
				GCC_WARN_UNUSED_VARIABLE = YES;
				IPHONEOS_DEPLOYMENT_TARGET = 13.5;
				MTL_ENABLE_DEBUG_INFO = INCLUDE_SOURCE;
				MTL_FAST_MATH = YES;
				ONLY_ACTIVE_ARCH = YES;
				SDKROOT = iphoneos;
				SWIFT_ACTIVE_COMPILATION_CONDITIONS = DEBUG;
				SWIFT_OPTIMIZATION_LEVEL = "-Onone";
			};
			name = Debug;
		};
		5C7AA90A24FF63620007BB14 /* Release */ = {
			isa = XCBuildConfiguration;
			buildSettings = {
				ALWAYS_SEARCH_USER_PATHS = NO;
				CLANG_ANALYZER_NONNULL = YES;
				CLANG_ANALYZER_NUMBER_OBJECT_CONVERSION = YES_AGGRESSIVE;
				CLANG_CXX_LANGUAGE_STANDARD = "gnu++14";
				CLANG_CXX_LIBRARY = "libc++";
				CLANG_ENABLE_MODULES = YES;
				CLANG_ENABLE_OBJC_ARC = YES;
				CLANG_ENABLE_OBJC_WEAK = YES;
				CLANG_WARN_BLOCK_CAPTURE_AUTORELEASING = YES;
				CLANG_WARN_BOOL_CONVERSION = YES;
				CLANG_WARN_COMMA = YES;
				CLANG_WARN_CONSTANT_CONVERSION = YES;
				CLANG_WARN_DEPRECATED_OBJC_IMPLEMENTATIONS = YES;
				CLANG_WARN_DIRECT_OBJC_ISA_USAGE = YES_ERROR;
				CLANG_WARN_DOCUMENTATION_COMMENTS = YES;
				CLANG_WARN_EMPTY_BODY = YES;
				CLANG_WARN_ENUM_CONVERSION = YES;
				CLANG_WARN_INFINITE_RECURSION = YES;
				CLANG_WARN_INT_CONVERSION = YES;
				CLANG_WARN_NON_LITERAL_NULL_CONVERSION = YES;
				CLANG_WARN_OBJC_IMPLICIT_RETAIN_SELF = YES;
				CLANG_WARN_OBJC_LITERAL_CONVERSION = YES;
				CLANG_WARN_OBJC_ROOT_CLASS = YES_ERROR;
				CLANG_WARN_RANGE_LOOP_ANALYSIS = YES;
				CLANG_WARN_STRICT_PROTOTYPES = YES;
				CLANG_WARN_SUSPICIOUS_MOVE = YES;
				CLANG_WARN_UNGUARDED_AVAILABILITY = YES_AGGRESSIVE;
				CLANG_WARN_UNREACHABLE_CODE = YES;
				CLANG_WARN__DUPLICATE_METHOD_MATCH = YES;
				COPY_PHASE_STRIP = NO;
				DEBUG_INFORMATION_FORMAT = "dwarf-with-dsym";
				ENABLE_NS_ASSERTIONS = NO;
				ENABLE_STRICT_OBJC_MSGSEND = YES;
				GCC_C_LANGUAGE_STANDARD = gnu11;
				GCC_NO_COMMON_BLOCKS = YES;
				GCC_WARN_64_TO_32_BIT_CONVERSION = YES;
				GCC_WARN_ABOUT_RETURN_TYPE = YES_ERROR;
				GCC_WARN_UNDECLARED_SELECTOR = YES;
				GCC_WARN_UNINITIALIZED_AUTOS = YES_AGGRESSIVE;
				GCC_WARN_UNUSED_FUNCTION = YES;
				GCC_WARN_UNUSED_VARIABLE = YES;
				IPHONEOS_DEPLOYMENT_TARGET = 13.5;
				MTL_ENABLE_DEBUG_INFO = NO;
				MTL_FAST_MATH = YES;
				SDKROOT = iphoneos;
				SWIFT_COMPILATION_MODE = wholemodule;
				SWIFT_OPTIMIZATION_LEVEL = "-O";
				VALIDATE_PRODUCT = YES;
			};
			name = Release;
		};
		5C7AA90C24FF63620007BB14 /* Debug */ = {
			isa = XCBuildConfiguration;
			buildSettings = {
				ASSETCATALOG_COMPILER_APPICON_NAME = AppIcon;
				CODE_SIGN_STYLE = Automatic;
				DEVELOPMENT_ASSET_PATHS = "\"WifiSwiftUI/Preview Content\"";
				ENABLE_PREVIEWS = YES;
				INFOPLIST_FILE = WifiSwiftUI/Info.plist;
				LD_RUNPATH_SEARCH_PATHS = (
					"$(inherited)",
					"@executable_path/Frameworks",
				);
				PRODUCT_BUNDLE_IDENTIFIER = com.shreyasvilaschandrabhike.WifiSwiftUI;
				PRODUCT_NAME = "$(TARGET_NAME)";
				SWIFT_VERSION = 5.0;
				TARGETED_DEVICE_FAMILY = "1,2";
			};
			name = Debug;
		};
		5C7AA90D24FF63620007BB14 /* Release */ = {
			isa = XCBuildConfiguration;
			buildSettings = {
				ASSETCATALOG_COMPILER_APPICON_NAME = AppIcon;
				CODE_SIGN_STYLE = Automatic;
				DEVELOPMENT_ASSET_PATHS = "\"WifiSwiftUI/Preview Content\"";
				ENABLE_PREVIEWS = YES;
				INFOPLIST_FILE = WifiSwiftUI/Info.plist;
				LD_RUNPATH_SEARCH_PATHS = (
					"$(inherited)",
					"@executable_path/Frameworks",
				);
				PRODUCT_BUNDLE_IDENTIFIER = com.shreyasvilaschandrabhike.WifiSwiftUI;
				PRODUCT_NAME = "$(TARGET_NAME)";
				SWIFT_VERSION = 5.0;
				TARGETED_DEVICE_FAMILY = "1,2";
			};
			name = Release;
		};
		5C7AA90F24FF63620007BB14 /* Debug */ = {
			isa = XCBuildConfiguration;
			buildSettings = {
				ALWAYS_EMBED_SWIFT_STANDARD_LIBRARIES = YES;
				BUNDLE_LOADER = "$(TEST_HOST)";
				CODE_SIGN_STYLE = Automatic;
				INFOPLIST_FILE = WifiSwiftUITests/Info.plist;
				IPHONEOS_DEPLOYMENT_TARGET = 13.5;
				LD_RUNPATH_SEARCH_PATHS = (
					"$(inherited)",
					"@executable_path/Frameworks",
					"@loader_path/Frameworks",
				);
				PRODUCT_BUNDLE_IDENTIFIER = com.shreyasvilaschandrabhike.WifiSwiftUITests;
				PRODUCT_NAME = "$(TARGET_NAME)";
				SWIFT_VERSION = 5.0;
				TARGETED_DEVICE_FAMILY = "1,2";
				TEST_HOST = "$(BUILT_PRODUCTS_DIR)/WifiSwiftUI.app/WifiSwiftUI";
			};
			name = Debug;
		};
		5C7AA91024FF63620007BB14 /* Release */ = {
			isa = XCBuildConfiguration;
			buildSettings = {
				ALWAYS_EMBED_SWIFT_STANDARD_LIBRARIES = YES;
				BUNDLE_LOADER = "$(TEST_HOST)";
				CODE_SIGN_STYLE = Automatic;
				INFOPLIST_FILE = WifiSwiftUITests/Info.plist;
				IPHONEOS_DEPLOYMENT_TARGET = 13.5;
				LD_RUNPATH_SEARCH_PATHS = (
					"$(inherited)",
					"@executable_path/Frameworks",
					"@loader_path/Frameworks",
				);
				PRODUCT_BUNDLE_IDENTIFIER = com.shreyasvilaschandrabhike.WifiSwiftUITests;
				PRODUCT_NAME = "$(TARGET_NAME)";
				SWIFT_VERSION = 5.0;
				TARGETED_DEVICE_FAMILY = "1,2";
				TEST_HOST = "$(BUILT_PRODUCTS_DIR)/WifiSwiftUI.app/WifiSwiftUI";
			};
			name = Release;
		};
		5C7AA91224FF63620007BB14 /* Debug */ = {
			isa = XCBuildConfiguration;
			buildSettings = {
				ALWAYS_EMBED_SWIFT_STANDARD_LIBRARIES = YES;
				CODE_SIGN_STYLE = Automatic;
				INFOPLIST_FILE = WifiSwiftUIUITests/Info.plist;
				LD_RUNPATH_SEARCH_PATHS = (
					"$(inherited)",
					"@executable_path/Frameworks",
					"@loader_path/Frameworks",
				);
				PRODUCT_BUNDLE_IDENTIFIER = com.shreyasvilaschandrabhike.WifiSwiftUIUITests;
				PRODUCT_NAME = "$(TARGET_NAME)";
				SWIFT_VERSION = 5.0;
				TARGETED_DEVICE_FAMILY = "1,2";
				TEST_TARGET_NAME = WifiSwiftUI;
			};
			name = Debug;
		};
		5C7AA91324FF63620007BB14 /* Release */ = {
			isa = XCBuildConfiguration;
			buildSettings = {
				ALWAYS_EMBED_SWIFT_STANDARD_LIBRARIES = YES;
				CODE_SIGN_STYLE = Automatic;
				INFOPLIST_FILE = WifiSwiftUIUITests/Info.plist;
				LD_RUNPATH_SEARCH_PATHS = (
					"$(inherited)",
					"@executable_path/Frameworks",
					"@loader_path/Frameworks",
				);
				PRODUCT_BUNDLE_IDENTIFIER = com.shreyasvilaschandrabhike.WifiSwiftUIUITests;
				PRODUCT_NAME = "$(TARGET_NAME)";
				SWIFT_VERSION = 5.0;
				TARGETED_DEVICE_FAMILY = "1,2";
				TEST_TARGET_NAME = WifiSwiftUI;
			};
			name = Release;
		};
/* End XCBuildConfiguration section */

/* Begin XCConfigurationList section */
		5C7AA8DC24FF63600007BB14 /* Build configuration list for PBXProject "WifiSwiftUI" */ = {
			isa = XCConfigurationList;
			buildConfigurations = (
				5C7AA90924FF63620007BB14 /* Debug */,
				5C7AA90A24FF63620007BB14 /* Release */,
			);
			defaultConfigurationIsVisible = 0;
			defaultConfigurationName = Release;
		};
		5C7AA90B24FF63620007BB14 /* Build configuration list for PBXNativeTarget "WifiSwiftUI" */ = {
			isa = XCConfigurationList;
			buildConfigurations = (
				5C7AA90C24FF63620007BB14 /* Debug */,
				5C7AA90D24FF63620007BB14 /* Release */,
			);
			defaultConfigurationIsVisible = 0;
			defaultConfigurationName = Release;
		};
		5C7AA90E24FF63620007BB14 /* Build configuration list for PBXNativeTarget "WifiSwiftUITests" */ = {
			isa = XCConfigurationList;
			buildConfigurations = (
				5C7AA90F24FF63620007BB14 /* Debug */,
				5C7AA91024FF63620007BB14 /* Release */,
			);
			defaultConfigurationIsVisible = 0;
			defaultConfigurationName = Release;
		};
		5C7AA91124FF63620007BB14 /* Build configuration list for PBXNativeTarget "WifiSwiftUIUITests" */ = {
			isa = XCConfigurationList;
			buildConfigurations = (
				5C7AA91224FF63620007BB14 /* Debug */,
				5C7AA91324FF63620007BB14 /* Release */,
			);
			defaultConfigurationIsVisible = 0;
			defaultConfigurationName = Release;
		};
/* End XCConfigurationList section */
	};
	rootObject = 5C7AA8D924FF63600007BB14 /* Project object */;
}
